
Microsoft Visual Studio Solution File, Format Version 12.00
# Visual Studio Version 17
VisualStudioVersion = 17.5.33516.290
MinimumVisualStudioVersion = 10.0.40219.1
Project("{FAE04EC0-301F-11D3-BF4B-00C04F79EFBC}") = "MembersApp", "MembersApp\MembersApp.csproj", "{F6BC3DD2-1FDE-49C1-A744-0C10110A8F2C}"
EndProject
Global
	GlobalSection(SolutionConfigurationPlatforms) = preSolution
		Debug|Any CPU = Debug|Any CPU
		Release|Any CPU = Release|Any CPU
	EndGlobalSection
	GlobalSection(ProjectConfigurationPlatforms) = postSolution
		{F6BC3DD2-1FDE-49C1-A744-0C10110A8F2C}.Debug|Any CPU.ActiveCfg = Debug|Any CPU
		{F6BC3DD2-1FDE-49C1-A744-0C10110A8F2C}.Debug|Any CPU.Build.0 = Debug|Any CPU
		{F6BC3DD2-1FDE-49C1-A744-0C10110A8F2C}.Release|Any CPU.ActiveCfg = Release|Any CPU
		{F6BC3DD2-1FDE-49C1-A744-0C10110A8F2C}.Release|Any CPU.Build.0 = Release|Any CPU
	EndGlobalSection
	GlobalSection(SolutionProperties) = preSolution
		HideSolutionNode = FALSE
	EndGlobalSection
	GlobalSection(ExtensibilityGlobals) = postSolution
		SolutionGuid = {568F7468-5B3C-4455-B175-0AB71AE63551}
	EndGlobalSection
EndGlobal
